
Microsoft Visual Studio Solution File, Format Version 12.00
# Visual Studio Version 17
VisualStudioVersion = 17.14.36511.14 d17.14
MinimumVisualStudioVersion = 10.0.40219.1
Project("{FAE04EC0-301F-11D3-BF4B-00C04F79EFBC}") = "DogDatabase", "DogDatabase\DogDatabase.csproj", "{90BE7DD4-94F8-4377-8CC6-81CD3D2EA28F}"
EndProject
Project("{FAE04EC0-301F-11D3-BF4B-00C04F79EFBC}") = "DogDatabase.Core", "DogDatabase.Core\DogDatabase.Core.csproj", "{93FC8422-B6EF-430D-8A29-D29EA153C0AB}"
EndProject
Global
	GlobalSection(SolutionConfigurationPlatforms) = preSolution
		Debug|Any CPU = Debug|Any CPU
		Release|Any CPU = Release|Any CPU
	EndGlobalSection
	GlobalSection(ProjectConfigurationPlatforms) = postSolution
		{90BE7DD4-94F8-4377-8CC6-81CD3D2EA28F}.Debug|Any CPU.ActiveCfg = Debug|Any CPU
		{90BE7DD4-94F8-4377-8CC6-81CD3D2EA28F}.Debug|Any CPU.Build.0 = Debug|Any CPU
		{90BE7DD4-94F8-4377-8CC6-81CD3D2EA28F}.Release|Any CPU.ActiveCfg = Release|Any CPU
		{90BE7DD4-94F8-4377-8CC6-81CD3D2EA28F}.Release|Any CPU.Build.0 = Release|Any CPU
		{93FC8422-B6EF-430D-8A29-D29EA153C0AB}.Debug|Any CPU.ActiveCfg = Debug|Any CPU
		{93FC8422-B6EF-430D-8A29-D29EA153C0AB}.Debug|Any CPU.Build.0 = Debug|Any CPU
		{93FC8422-B6EF-430D-8A29-D29EA153C0AB}.Release|Any CPU.ActiveCfg = Release|Any CPU
		{93FC8422-B6EF-430D-8A29-D29EA153C0AB}.Release|Any CPU.Build.0 = Release|Any CPU
	EndGlobalSection
	GlobalSection(SolutionProperties) = preSolution
		HideSolutionNode = FALSE
	EndGlobalSection
	GlobalSection(ExtensibilityGlobals) = postSolution
		SolutionGuid = {0C26A7B3-5462-40F5-9852-B7792E830E1C}
	EndGlobalSection
EndGlobal
