
Microsoft Visual Studio Solution File, Format Version 12.00
# Visual Studio Version 17
VisualStudioVersion = 17.14.36705.20 d17.14
MinimumVisualStudioVersion = 10.0.40219.1
Project("{FAE04EC0-301F-11D3-BF4B-00C04F79EFBC}") = "ToDoList", "ToDoList\ToDoList.csproj", "{CF9799E8-F912-439E-ADCA-480110D43339}"
EndProject
Global
	GlobalSection(SolutionConfigurationPlatforms) = preSolution
		Debug|Any CPU = Debug|Any CPU
		Release|Any CPU = Release|Any CPU
	EndGlobalSection
	GlobalSection(ProjectConfigurationPlatforms) = postSolution
		{CF9799E8-F912-439E-ADCA-480110D43339}.Debug|Any CPU.ActiveCfg = Debug|Any CPU
		{CF9799E8-F912-439E-ADCA-480110D43339}.Debug|Any CPU.Build.0 = Debug|Any CPU
		{CF9799E8-F912-439E-ADCA-480110D43339}.Release|Any CPU.ActiveCfg = Release|Any CPU
		{CF9799E8-F912-439E-ADCA-480110D43339}.Release|Any CPU.Build.0 = Release|Any CPU
	EndGlobalSection
	GlobalSection(SolutionProperties) = preSolution
		HideSolutionNode = FALSE
	EndGlobalSection
	GlobalSection(ExtensibilityGlobals) = postSolution
		SolutionGuid = {77249631-1075-40E9-A9CB-2ED4E647E7AB}
	EndGlobalSection
EndGlobal
